
Microsoft Visual Studio Solution File, Format Version 12.00
# Visual Studio 15
VisualStudioVersion = 15.0.27703.2042
MinimumVisualStudioVersion = 10.0.40219.1
Project("{FAE04EC0-301F-11D3-BF4B-00C04F79EFBC}") = "query", "query\query.csproj", "{6FE8B050-C8CD-427C-A1DA-AA412B14CA71}"
EndProject
Global
	GlobalSection(SolutionConfigurationPlatforms) = preSolution
		Debug|Any CPU = Debug|Any CPU
		Release|Any CPU = Release|Any CPU
	EndGlobalSection
	GlobalSection(ProjectConfigurationPlatforms) = postSolution
		{6FE8B050-C8CD-427C-A1DA-AA412B14CA71}.Debug|Any CPU.ActiveCfg = Debug|Any CPU
		{6FE8B050-C8CD-427C-A1DA-AA412B14CA71}.Debug|Any CPU.Build.0 = Debug|Any CPU
		{6FE8B050-C8CD-427C-A1DA-AA412B14CA71}.Release|Any CPU.ActiveCfg = Release|Any CPU
		{6FE8B050-C8CD-427C-A1DA-AA412B14CA71}.Release|Any CPU.Build.0 = Release|Any CPU
	EndGlobalSection
	GlobalSection(SolutionProperties) = preSolution
		HideSolutionNode = FALSE
	EndGlobalSection
	GlobalSection(ExtensibilityGlobals) = postSolution
		SolutionGuid = {2C61C22E-4EC7-48FD-8092-C6A6872DF4D3}
	EndGlobalSection
EndGlobal
